
Microsoft Visual Studio Solution File, Format Version 12.00
# Visual Studio Version 16
VisualStudioVersion = 16.0.31205.134
MinimumVisualStudioVersion = 10.0.40219.1
Project("{FAE04EC0-301F-11D3-BF4B-00C04F79EFBC}") = "Assi_4", "Assi_4\Assi_4.csproj", "{5DA7CDC7-5257-49AC-A630-CA75BE740F17}"
EndProject
Project("{FAE04EC0-301F-11D3-BF4B-00C04F79EFBC}") = "MainForm", "MainForm\MainForm.csproj", "{DC9638A7-497B-4413-B65C-07AC68F149D3}"
EndProject
Global
	GlobalSection(SolutionConfigurationPlatforms) = preSolution
		Debug|Any CPU = Debug|Any CPU
		Release|Any CPU = Release|Any CPU
	EndGlobalSection
	GlobalSection(ProjectConfigurationPlatforms) = postSolution
		{5DA7CDC7-5257-49AC-A630-CA75BE740F17}.Debug|Any CPU.ActiveCfg = Debug|Any CPU
		{5DA7CDC7-5257-49AC-A630-CA75BE740F17}.Debug|Any CPU.Build.0 = Debug|Any CPU
		{5DA7CDC7-5257-49AC-A630-CA75BE740F17}.Release|Any CPU.ActiveCfg = Release|Any CPU
		{5DA7CDC7-5257-49AC-A630-CA75BE740F17}.Release|Any CPU.Build.0 = Release|Any CPU
		{DC9638A7-497B-4413-B65C-07AC68F149D3}.Debug|Any CPU.ActiveCfg = Debug|Any CPU
		{DC9638A7-497B-4413-B65C-07AC68F149D3}.Debug|Any CPU.Build.0 = Debug|Any CPU
		{DC9638A7-497B-4413-B65C-07AC68F149D3}.Release|Any CPU.ActiveCfg = Release|Any CPU
		{DC9638A7-497B-4413-B65C-07AC68F149D3}.Release|Any CPU.Build.0 = Release|Any CPU
	EndGlobalSection
	GlobalSection(SolutionProperties) = preSolution
		HideSolutionNode = FALSE
	EndGlobalSection
	GlobalSection(ExtensibilityGlobals) = postSolution
		SolutionGuid = {0EA4718C-53A5-45DF-9347-2DA83A620BD8}
	EndGlobalSection
EndGlobal
